
Microsoft Visual Studio Solution File, Format Version 12.00
# Visual Studio Version 17
VisualStudioVersion = 17.14.36203.30
MinimumVisualStudioVersion = 10.0.40219.1
Project("{2150E333-8FDC-42A3-9474-1A3956D46DE8}") = "Vistas", "Vistas", "{C2277A2B-B5E3-4213-AC5E-767C1ABC66EA}"
EndProject
Project("{FAE04EC0-301F-11D3-BF4B-00C04F79EFBC}") = "vistas", "vistas\vistas.csproj", "{2DED0ABE-1D3F-432D-999A-C77B5F308D46}"
EndProject
Project("{2150E333-8FDC-42A3-9474-1A3956D46DE8}") = "Modelo", "Modelo", "{02EA681E-C7D8-13C7-8484-4AC65E1B71E8}"
EndProject
Project("{FAE04EC0-301F-11D3-BF4B-00C04F79EFBC}") = "Modelo", "Modelo\Modelo.csproj", "{D59E4696-DE1A-49C7-B4A7-30E87772BB15}"
EndProject
Global
	GlobalSection(SolutionConfigurationPlatforms) = preSolution
		Debug|Any CPU = Debug|Any CPU
		Release|Any CPU = Release|Any CPU
	EndGlobalSection
	GlobalSection(ProjectConfigurationPlatforms) = postSolution
		{2DED0ABE-1D3F-432D-999A-C77B5F308D46}.Debug|Any CPU.ActiveCfg = Debug|Any CPU
		{2DED0ABE-1D3F-432D-999A-C77B5F308D46}.Debug|Any CPU.Build.0 = Debug|Any CPU
		{2DED0ABE-1D3F-432D-999A-C77B5F308D46}.Release|Any CPU.ActiveCfg = Release|Any CPU
		{2DED0ABE-1D3F-432D-999A-C77B5F308D46}.Release|Any CPU.Build.0 = Release|Any CPU
		{D59E4696-DE1A-49C7-B4A7-30E87772BB15}.Debug|Any CPU.ActiveCfg = Debug|Any CPU
		{D59E4696-DE1A-49C7-B4A7-30E87772BB15}.Debug|Any CPU.Build.0 = Debug|Any CPU
		{D59E4696-DE1A-49C7-B4A7-30E87772BB15}.Release|Any CPU.ActiveCfg = Release|Any CPU
		{D59E4696-DE1A-49C7-B4A7-30E87772BB15}.Release|Any CPU.Build.0 = Release|Any CPU
	EndGlobalSection
	GlobalSection(SolutionProperties) = preSolution
		HideSolutionNode = FALSE
	EndGlobalSection
	GlobalSection(NestedProjects) = preSolution
		{2DED0ABE-1D3F-432D-999A-C77B5F308D46} = {C2277A2B-B5E3-4213-AC5E-767C1ABC66EA}
		{D59E4696-DE1A-49C7-B4A7-30E87772BB15} = {02EA681E-C7D8-13C7-8484-4AC65E1B71E8}
	EndGlobalSection
	GlobalSection(ExtensibilityGlobals) = postSolution
		SolutionGuid = {3BCB30F3-5CB1-45AF-9568-0073AEBDCA0F}
	EndGlobalSection
EndGlobal
